
Microsoft Visual Studio Solution File, Format Version 12.00
# Visual Studio Version 16
VisualStudioVersion = 16.0.32413.511
MinimumVisualStudioVersion = 10.0.40219.1
Project("{FAE04EC0-301F-11D3-BF4B-00C04F79EFBC}") = "SignalRSample", "SignalRSample.csproj", "{FA94CBD0-05FF-459D-9635-4F98A07493EC}"
EndProject
Global
	GlobalSection(SolutionConfigurationPlatforms) = preSolution
		Debug|Any CPU = Debug|Any CPU
		Release|Any CPU = Release|Any CPU
	EndGlobalSection
	GlobalSection(ProjectConfigurationPlatforms) = postSolution
		{FA94CBD0-05FF-459D-9635-4F98A07493EC}.Debug|Any CPU.ActiveCfg = Debug|Any CPU
		{FA94CBD0-05FF-459D-9635-4F98A07493EC}.Debug|Any CPU.Build.0 = Debug|Any CPU
		{FA94CBD0-05FF-459D-9635-4F98A07493EC}.Release|Any CPU.ActiveCfg = Release|Any CPU
		{FA94CBD0-05FF-459D-9635-4F98A07493EC}.Release|Any CPU.Build.0 = Release|Any CPU
	EndGlobalSection
	GlobalSection(SolutionProperties) = preSolution
		HideSolutionNode = FALSE
	EndGlobalSection
	GlobalSection(ExtensibilityGlobals) = postSolution
		SolutionGuid = {F3F63648-596E-4BD4-92EA-33188104A916}
	EndGlobalSection
EndGlobal
